
Microsoft Visual Studio Solution File, Format Version 12.00
# Visual Studio Version 17
VisualStudioVersion = 17.1.32407.343
MinimumVisualStudioVersion = 10.0.40219.1
Project("{9A19103F-16F7-4668-BE54-9A1E7A4F7556}") = "CHIP-8 Emulator", "CHIP-8 Emulator\CHIP-8 Emulator.csproj", "{53883520-4179-46F3-A7FE-7AD0271A3CFA}"
EndProject
Project("{FAE04EC0-301F-11D3-BF4B-00C04F79EFBC}") = "CHIP-8 Emulator Tests", "CHIP-8 Emulator Tests\CHIP-8 Emulator Tests.csproj", "{CF362562-2B35-45E9-8499-68E1219B0184}"
EndProject
Global
	GlobalSection(SolutionConfigurationPlatforms) = preSolution
		Debug|Any CPU = Debug|Any CPU
		Release|Any CPU = Release|Any CPU
	EndGlobalSection
	GlobalSection(ProjectConfigurationPlatforms) = postSolution
		{53883520-4179-46F3-A7FE-7AD0271A3CFA}.Debug|Any CPU.ActiveCfg = Debug|Any CPU
		{53883520-4179-46F3-A7FE-7AD0271A3CFA}.Debug|Any CPU.Build.0 = Debug|Any CPU
		{53883520-4179-46F3-A7FE-7AD0271A3CFA}.Release|Any CPU.ActiveCfg = Release|Any CPU
		{53883520-4179-46F3-A7FE-7AD0271A3CFA}.Release|Any CPU.Build.0 = Release|Any CPU
		{CF362562-2B35-45E9-8499-68E1219B0184}.Debug|Any CPU.ActiveCfg = Debug|Any CPU
		{CF362562-2B35-45E9-8499-68E1219B0184}.Debug|Any CPU.Build.0 = Debug|Any CPU
		{CF362562-2B35-45E9-8499-68E1219B0184}.Release|Any CPU.ActiveCfg = Release|Any CPU
		{CF362562-2B35-45E9-8499-68E1219B0184}.Release|Any CPU.Build.0 = Release|Any CPU
	EndGlobalSection
	GlobalSection(SolutionProperties) = preSolution
		HideSolutionNode = FALSE
	EndGlobalSection
	GlobalSection(ExtensibilityGlobals) = postSolution
		SolutionGuid = {B29D821F-13D1-4612-A6BE-2B3E61B7EAE3}
	EndGlobalSection
EndGlobal
